PODS:
  - Flutter (1.0.0)
  - PhoneNumberKit (3.7.11):
    - PhoneNumberKit/PhoneNumberKitCore (= 3.7.11)
    - PhoneNumberKit/UIKit (= 3.7.11)
  - PhoneNumberKit/PhoneNumberKitCore (3.7.11)
  - PhoneNumberKit/UIKit (3.7.11):
    - PhoneNumberKit/PhoneNumberKitCore
  - video_compress (0.3.0):
    - Flutter

DEPENDENCIES:
  - Flutter (from `Flutter`)
  - PhoneNumberKit (~> 3.7.6)
  - video_compress (from `.symlinks/plugins/video_compress/ios`)

SPEC REPOS:
  trunk:
    - PhoneNumberKit

EXTERNAL SOURCES:
  Flutter:
    :path: Flutter
  video_compress:
    :path: ".symlinks/plugins/video_compress/ios"

SPEC CHECKSUMS:
  Flutter: 71a624a5bc0c04062bf19101d501e466baf2fb47
  PhoneNumberKit: 9ff0c5ae9fe4770193b68a3d3e6c938fe976788c
  video_compress: f2133a07762889d67f0711ac831faa26f956980e

PODFILE CHECKSUM: e0f8fc198c6a0936aa732676e228e12ccfa29eba

COCOAPODS: 1.17.0
